
Microsoft Visual Studio Solution File, Format Version 12.00
# Visual Studio 15
VisualStudioVersion = 15.0.26730.16
MinimumVisualStudioVersion = 10.0.40219.1
Project("{FAE04EC0-301F-11D3-BF4B-00C04F79EFBC}") = "ServiceBus", "ServiceBus\ServiceBus.csproj", "{26DF7108-E8A8-422B-B7FC-77777EDF3138}"
EndProject
Global
	GlobalSection(SolutionConfigurationPlatforms) = preSolution
		Debug|Any CPU = Debug|Any CPU
		Release|Any CPU = Release|Any CPU
	EndGlobalSection
	GlobalSection(ProjectConfigurationPlatforms) = postSolution
		{26DF7108-E8A8-422B-B7FC-77777EDF3138}.Debug|Any CPU.ActiveCfg = Debug|Any CPU
		{26DF7108-E8A8-422B-B7FC-77777EDF3138}.Debug|Any CPU.Build.0 = Debug|Any CPU
		{26DF7108-E8A8-422B-B7FC-77777EDF3138}.Release|Any CPU.ActiveCfg = Release|Any CPU
		{26DF7108-E8A8-422B-B7FC-77777EDF3138}.Release|Any CPU.Build.0 = Release|Any CPU
	EndGlobalSection
	GlobalSection(SolutionProperties) = preSolution
		HideSolutionNode = FALSE
	EndGlobalSection
	GlobalSection(ExtensibilityGlobals) = postSolution
		SolutionGuid = {021DC16E-732D-414E-82A9-9F4C78925794}
	EndGlobalSection
EndGlobal
